// !$*UTF8*$!
{
	archiveVersion = 1;
	classes = {
	};
	objectVersion = 51;
	objects = {

/* Begin PBXBuildFile section */
		10C54EAA0E544D6935E351D2 /* Pods_HP.framework in Frameworks */ = {isa = PBXBuildFile; fileRef = 0A6FBB7D14198519AA32BA18 /* Pods_HP.framework */; };
		16B509CB92C35641C3AE484F /* Pods_HP_HPUITests.framework in Frameworks */ = {isa = PBXBuildFile; fileRef = D1930C6B0E75F599FEF8658F /* Pods_HP_HPUITests.framework */; };
		75723D797FA1BD1E88A15D97 /* Pods_HPTests.framework in Frameworks */ = {isa = PBXBuildFile; fileRef = A134B2497BC05D556F8F4664 /* Pods_HPTests.framework */; };
		AC878E2D25E49B7F00122D31 /* Utilities.swift in Sources */ = {isa = PBXBuildFile; fileRef = AC878E2C25E49B7F00122D31 /* Utilities.swift */; };
		ACA8A0E025DCB8510009C158 /* AppDelegate.swift in Sources */ = {isa = PBXBuildFile; fileRef = ACA8A0DF25DCB8510009C158 /* AppDelegate.swift */; };
		ACA8A0E225DCB8510009C158 /* SceneDelegate.swift in Sources */ = {isa = PBXBuildFile; fileRef = ACA8A0E125DCB8510009C158 /* SceneDelegate.swift */; };
		ACA8A0E925DCB8520009C158 /* Assets.xcassets in Resources */ = {isa = PBXBuildFile; fileRef = ACA8A0E825DCB8520009C158 /* Assets.xcassets */; };
		ACA8A0F725DCB8520009C158 /* HPTests.swift in Sources */ = {isa = PBXBuildFile; fileRef = ACA8A0F625DCB8520009C158 /* HPTests.swift */; };
		ACA8A10225DCB8520009C158 /* HPUITests.swift in Sources */ = {isa = PBXBuildFile; fileRef = ACA8A10125DCB8520009C158 /* HPUITests.swift */; };
		ACA8A12825DDF4750009C158 /* signUpViewController.swift in Sources */ = {isa = PBXBuildFile; fileRef = ACA8A12725DDF4750009C158 /* signUpViewController.swift */; };
		ACA8A12D25DE07E00009C158 /* GoogleService-Info.plist in Resources */ = {isa = PBXBuildFile; fileRef = ACA8A12C25DE07E00009C158 /* GoogleService-Info.plist */; };
		CE0DEB2025DCE23600541B15 /* LogInViewController.swift in Sources */ = {isa = PBXBuildFile; fileRef = CE0DEB1F25DCE23600541B15 /* LogInViewController.swift */; };
		CE0DEB2525DCE8EF00541B15 /* DesignableView.swift in Sources */ = {isa = PBXBuildFile; fileRef = CE0DEB2425DCE8EF00541B15 /* DesignableView.swift */; };
		CE0DEB2A25DCF8B000541B15 /* Validation.swift in Sources */ = {isa = PBXBuildFile; fileRef = CE0DEB2925DCF8B000541B15 /* Validation.swift */; };
		CE0DEB3F25DDB91000541B15 /* TabBarViewController.swift in Sources */ = {isa = PBXBuildFile; fileRef = CE0DEB3E25DDB91000541B15 /* TabBarViewController.swift */; };
		CE58279A25E3345C00FFD13B /* Constants.swift in Sources */ = {isa = PBXBuildFile; fileRef = CE58279925E3345C00FFD13B /* Constants.swift */; };
		CEDD660025E710DA00ADA7D8 /* HomeViewController.swift in Sources */ = {isa = PBXBuildFile; fileRef = CEDD65FF25E710DA00ADA7D8 /* HomeViewController.swift */; };
		CEDD6608260D799A00ADA7D8 /* AppFormViewController.swift in Sources */ = {isa = PBXBuildFile; fileRef = CEDD6607260D799A00ADA7D8 /* AppFormViewController.swift */; };
		CEDD664D262BDACA00ADA7D8 /* Main.storyboard in Resources */ = {isa = PBXBuildFile; fileRef = CEDD664C262BDACA00ADA7D8 /* Main.storyboard */; };
		CEDD66812635E3C000ADA7D8 /* PartnersCollectionViewController.swift in Sources */ = {isa = PBXBuildFile; fileRef = CEDD66802635E3C000ADA7D8 /* PartnersCollectionViewController.swift */; };
		CEDD66892635E75900ADA7D8 /* Partners.swift in Sources */ = {isa = PBXBuildFile; fileRef = CEDD66882635E75900ADA7D8 /* Partners.swift */; };
		CEDD668E2635EE9700ADA7D8 /* PartnersCollectionViewCell.swift in Sources */ = {isa = PBXBuildFile; fileRef = CEDD668D2635EE9700ADA7D8 /* PartnersCollectionViewCell.swift */; };
		CEDD66CE2638817200ADA7D8 /* LaunchScreen.storyboard in Resources */ = {isa = PBXBuildFile; fileRef = CEDD66CD2638817200ADA7D8 /* LaunchScreen.storyboard */; };
/* End PBXBuildFile section */

/* Begin PBXContainerItemProxy section */
		ACA8A0F325DCB8520009C158 /* PBXContainerItemProxy */ = {
			isa = PBXContainerItemProxy;
			containerPortal = ACA8A0D425DCB8510009C158 /* Project object */;
			proxyType = 1;
			remoteGlobalIDString = ACA8A0DB25DCB8510009C158;
			remoteInfo = HP;
		};
		ACA8A0FE25DCB8520009C158 /* PBXContainerItemProxy */ = {
			isa = PBXContainerItemProxy;
			containerPortal = ACA8A0D425DCB8510009C158 /* Project object */;
			proxyType = 1;
			remoteGlobalIDString = ACA8A0DB25DCB8510009C158;
			remoteInfo = HP;
		};
/* End PBXContainerItemProxy section */

/* Begin PBXFileReference section */
		0A6FBB7D14198519AA32BA18 /* Pods_HP.framework */ = {isa = PBXFileReference; explicitFileType = wrapper.framework; includeInIndex = 0; path = Pods_HP.framework; sourceTree = BUILT_PRODUCTS_DIR; };
		301B6917C99C35A22955641C /* Pods-HP.release.xcconfig */ = {isa = PBXFileReference; includeInIndex = 1; lastKnownFileType = text.xcconfig; name = "Pods-HP.release.xcconfig"; path = "Target Support Files/Pods-HP/Pods-HP.release.xcconfig"; sourceTree = "<group>"; };
		979F0D4C5447CFB4437DAA66 /* Pods-HP-HPUITests.release.xcconfig */ = {isa = PBXFileReference; includeInIndex = 1; lastKnownFileType = text.xcconfig; name = "Pods-HP-HPUITests.release.xcconfig"; path = "Target Support Files/Pods-HP-HPUITests/Pods-HP-HPUITests.release.xcconfig"; sourceTree = "<group>"; };
		A134B2497BC05D556F8F4664 /* Pods_HPTests.framework */ = {isa = PBXFileReference; explicitFileType = wrapper.framework; includeInIndex = 0; path = Pods_HPTests.framework; sourceTree = BUILT_PRODUCTS_DIR; };
		AC878E2C25E49B7F00122D31 /* Utilities.swift */ = {isa = PBXFileReference; lastKnownFileType = sourcecode.swift; path = Utilities.swift; sourceTree = "<group>"; };
		ACA8A0DC25DCB8510009C158 /* HP.app */ = {isa = PBXFileReference; explicitFileType = wrapper.application; includeInIndex = 0; path = HP.app; sourceTree = BUILT_PRODUCTS_DIR; };
		ACA8A0DF25DCB8510009C158 /* AppDelegate.swift */ = {isa = PBXFileReference; lastKnownFileType = sourcecode.swift; path = AppDelegate.swift; sourceTree = "<group>"; };
		ACA8A0E125DCB8510009C158 /* SceneDelegate.swift */ = {isa = PBXFileReference; lastKnownFileType = sourcecode.swift; path = SceneDelegate.swift; sourceTree = "<group>"; };
		ACA8A0E825DCB8520009C158 /* Assets.xcassets */ = {isa = PBXFileReference; lastKnownFileType = folder.assetcatalog; path = Assets.xcassets; sourceTree = "<group>"; };
		ACA8A0ED25DCB8520009C158 /* Info.plist */ = {isa = PBXFileReference; lastKnownFileType = text.plist.xml; path = Info.plist; sourceTree = "<group>"; };
		ACA8A0F225DCB8520009C158 /* HPTests.xctest */ = {isa = PBXFileReference; explicitFileType = wrapper.cfbundle; includeInIndex = 0; path = HPTests.xctest; sourceTree = BUILT_PRODUCTS_DIR; };
		ACA8A0F625DCB8520009C158 /* HPTests.swift */ = {isa = PBXFileReference; lastKnownFileType = sourcecode.swift; path = HPTests.swift; sourceTree = "<group>"; };
		ACA8A0F825DCB8520009C158 /* Info.plist */ = {isa = PBXFileReference; lastKnownFileType = text.plist.xml; path = Info.plist; sourceTree = "<group>"; };
		ACA8A0FD25DCB8520009C158 /* HPUITests.xctest */ = {isa = PBXFileReference; explicitFileType = wrapper.cfbundle; includeInIndex = 0; path = HPUITests.xctest; sourceTree = BUILT_PRODUCTS_DIR; };
		ACA8A10125DCB8520009C158 /* HPUITests.swift */ = {isa = PBXFileReference; lastKnownFileType = sourcecode.swift; path = HPUITests.swift; sourceTree = "<group>"; };
		ACA8A10325DCB8520009C158 /* Info.plist */ = {isa = PBXFileReference; lastKnownFileType = text.plist.xml; path = Info.plist; sourceTree = "<group>"; };
		ACA8A12725DDF4750009C158 /* signUpViewController.swift */ = {isa = PBXFileReference; lastKnownFileType = sourcecode.swift; path = signUpViewController.swift; sourceTree = "<group>"; };
		ACA8A12C25DE07E00009C158 /* GoogleService-Info.plist */ = {isa = PBXFileReference; fileEncoding = 4; lastKnownFileType = text.plist.xml; path = "GoogleService-Info.plist"; sourceTree = "<group>"; };
		B294884DC2D6CBEBC8923651 /* Pods-HP-HPUITests.debug.xcconfig */ = {isa = PBXFileReference; includeInIndex = 1; lastKnownFileType = text.xcconfig; name = "Pods-HP-HPUITests.debug.xcconfig"; path = "Target Support Files/Pods-HP-HPUITests/Pods-HP-HPUITests.debug.xcconfig"; sourceTree = "<group>"; };
		C0DB08CC3E6109E359EEB030 /* Pods-HP.debug.xcconfig */ = {isa = PBXFileReference; includeInIndex = 1; lastKnownFileType = text.xcconfig; name = "Pods-HP.debug.xcconfig"; path = "Target Support Files/Pods-HP/Pods-HP.debug.xcconfig"; sourceTree = "<group>"; };
		CE0DEB1F25DCE23600541B15 /* LogInViewController.swift */ = {isa = PBXFileReference; lastKnownFileType = sourcecode.swift; path = LogInViewController.swift; sourceTree = "<group>"; };
		CE0DEB2425DCE8EF00541B15 /* DesignableView.swift */ = {isa = PBXFileReference; lastKnownFileType = sourcecode.swift; path = DesignableView.swift; sourceTree = "<group>"; };
		CE0DEB2925DCF8B000541B15 /* Validation.swift */ = {isa = PBXFileReference; lastKnownFileType = sourcecode.swift; path = Validation.swift; sourceTree = "<group>"; };
		CE0DEB3E25DDB91000541B15 /* TabBarViewController.swift */ = {isa = PBXFileReference; lastKnownFileType = sourcecode.swift; path = TabBarViewController.swift; sourceTree = "<group>"; };
		CE58279925E3345C00FFD13B /* Constants.swift */ = {isa = PBXFileReference; lastKnownFileType = sourcecode.swift; path = Constants.swift; sourceTree = "<group>"; };
		CEDD65FF25E710DA00ADA7D8 /* HomeViewController.swift */ = {isa = PBXFileReference; lastKnownFileType = sourcecode.swift; path = HomeViewController.swift; sourceTree = "<group>"; };
		CEDD6607260D799A00ADA7D8 /* AppFormViewController.swift */ = {isa = PBXFileReference; lastKnownFileType = sourcecode.swift; path = AppFormViewController.swift; sourceTree = "<group>"; };
		CEDD664C262BDACA00ADA7D8 /* Main.storyboard */ = {isa = PBXFileReference; fileEncoding = 4; lastKnownFileType = file.storyboard; path = Main.storyboard; sourceTree = "<group>"; };
		CEDD66802635E3C000ADA7D8 /* PartnersCollectionViewController.swift */ = {isa = PBXFileReference; lastKnownFileType = sourcecode.swift; path = PartnersCollectionViewController.swift; sourceTree = "<group>"; };
		CEDD66882635E75900ADA7D8 /* Partners.swift */ = {isa = PBXFileReference; lastKnownFileType = sourcecode.swift; path = Partners.swift; sourceTree = "<group>"; };
		CEDD668D2635EE9700ADA7D8 /* PartnersCollectionViewCell.swift */ = {isa = PBXFileReference; lastKnownFileType = sourcecode.swift; path = PartnersCollectionViewCell.swift; sourceTree = "<group>"; };
		CEDD66CD2638817200ADA7D8 /* LaunchScreen.storyboard */ = {isa = PBXFileReference; lastKnownFileType = file.storyboard; path = LaunchScreen.storyboard; sourceTree = "<group>"; };
		D1930C6B0E75F599FEF8658F /* Pods_HP_HPUITests.framework */ = {isa = PBXFileReference; explicitFileType = wrapper.framework; includeInIndex = 0; path = Pods_HP_HPUITests.framework; sourceTree = BUILT_PRODUCTS_DIR; };
		D1A5ADFBF33F25FD5E55C3EC /* Pods-HPTests.debug.xcconfig */ = {isa = PBXFileReference; includeInIndex = 1; lastKnownFileType = text.xcconfig; name = "Pods-HPTests.debug.xcconfig"; path = "Target Support Files/Pods-HPTests/Pods-HPTests.debug.xcconfig"; sourceTree = "<group>"; };
		F9D0CA5C3E8C6AC97DD3612F /* Pods-HPTests.release.xcconfig */ = {isa = PBXFileReference; includeInIndex = 1; lastKnownFileType = text.xcconfig; name = "Pods-HPTests.release.xcconfig"; path = "Target Support Files/Pods-HPTests/Pods-HPTests.release.xcconfig"; sourceTree = "<group>"; };
/* End PBXFileReference section */

/* Begin PBXFrameworksBuildPhase section */
		ACA8A0D925DCB8510009C158 /* Frameworks */ = {
			isa = PBXFrameworksBuildPhase;
			buildActionMask = 2147483647;
			files = (
				10C54EAA0E544D6935E351D2 /* Pods_HP.framework in Frameworks */,
			);
			runOnlyForDeploymentPostprocessing = 0;
		};
		ACA8A0EF25DCB8520009C158 /* Frameworks */ = {
			isa = PBXFrameworksBuildPhase;
			buildActionMask = 2147483647;
			files = (
				75723D797FA1BD1E88A15D97 /* Pods_HPTests.framework in Frameworks */,
			);
			runOnlyForDeploymentPostprocessing = 0;
		};
		ACA8A0FA25DCB8520009C158 /* Frameworks */ = {
			isa = PBXFrameworksBuildPhase;
			buildActionMask = 2147483647;
			files = (
				16B509CB92C35641C3AE484F /* Pods_HP_HPUITests.framework in Frameworks */,
			);
			runOnlyForDeploymentPostprocessing = 0;
		};
/* End PBXFrameworksBuildPhase section */

/* Begin PBXGroup section */
		0FAF1296AF01B6CA3363C31B /* Pods */ = {
			isa = PBXGroup;
			children = (
				C0DB08CC3E6109E359EEB030 /* Pods-HP.debug.xcconfig */,
				301B6917C99C35A22955641C /* Pods-HP.release.xcconfig */,
				B294884DC2D6CBEBC8923651 /* Pods-HP-HPUITests.debug.xcconfig */,
				979F0D4C5447CFB4437DAA66 /* Pods-HP-HPUITests.release.xcconfig */,
				D1A5ADFBF33F25FD5E55C3EC /* Pods-HPTests.debug.xcconfig */,
				F9D0CA5C3E8C6AC97DD3612F /* Pods-HPTests.release.xcconfig */,
			);
			name = Pods;
			path = Pods;
			sourceTree = "<group>";
		};
		320F41E5EF6C93AB574F2FCE /* Frameworks */ = {
			isa = PBXGroup;
			children = (
				0A6FBB7D14198519AA32BA18 /* Pods_HP.framework */,
				D1930C6B0E75F599FEF8658F /* Pods_HP_HPUITests.framework */,
				A134B2497BC05D556F8F4664 /* Pods_HPTests.framework */,
			);
			name = Frameworks;
			sourceTree = "<group>";
		};
		AC878E2B25E49B3400122D31 /* Helpers */ = {
			isa = PBXGroup;
			children = (
				AC878E2C25E49B7F00122D31 /* Utilities.swift */,
			);
			path = Helpers;
			sourceTree = "<group>";
		};
		ACA8A0D325DCB8510009C158 = {
			isa = PBXGroup;
			children = (
				AC878E2B25E49B3400122D31 /* Helpers */,
				ACA8A0DE25DCB8510009C158 /* HP */,
				ACA8A0F525DCB8520009C158 /* HPTests */,
				ACA8A10025DCB8520009C158 /* HPUITests */,
				ACA8A0DD25DCB8510009C158 /* Products */,
				320F41E5EF6C93AB574F2FCE /* Frameworks */,
				0FAF1296AF01B6CA3363C31B /* Pods */,
			);
			sourceTree = "<group>";
		};
		ACA8A0DD25DCB8510009C158 /* Products */ = {
			isa = PBXGroup;
			children = (
				ACA8A0DC25DCB8510009C158 /* HP.app */,
				ACA8A0F225DCB8520009C158 /* HPTests.xctest */,
				ACA8A0FD25DCB8520009C158 /* HPUITests.xctest */,
			);
			name = Products;
			sourceTree = "<group>";
		};
		ACA8A0DE25DCB8510009C158 /* HP */ = {
			isa = PBXGroup;
			children = (
				ACA8A0DF25DCB8510009C158 /* AppDelegate.swift */,
				ACA8A0E125DCB8510009C158 /* SceneDelegate.swift */,
				CE0DEB1F25DCE23600541B15 /* LogInViewController.swift */,
				CEDD65FF25E710DA00ADA7D8 /* HomeViewController.swift */,
				CE58279925E3345C00FFD13B /* Constants.swift */,
				CE0DEB2425DCE8EF00541B15 /* DesignableView.swift */,
				CEDD6607260D799A00ADA7D8 /* AppFormViewController.swift */,
				CEDD664C262BDACA00ADA7D8 /* Main.storyboard */,
				CEDD66CD2638817200ADA7D8 /* LaunchScreen.storyboard */,
				CEDD66802635E3C000ADA7D8 /* PartnersCollectionViewController.swift */,
				CEDD668D2635EE9700ADA7D8 /* PartnersCollectionViewCell.swift */,
				CEDD66882635E75900ADA7D8 /* Partners.swift */,
				ACA8A12725DDF4750009C158 /* signUpViewController.swift */,
				CE0DEB3E25DDB91000541B15 /* TabBarViewController.swift */,
				CE0DEB2925DCF8B000541B15 /* Validation.swift */,
				ACA8A0E825DCB8520009C158 /* Assets.xcassets */,
				ACA8A12C25DE07E00009C158 /* GoogleService-Info.plist */,
				ACA8A0ED25DCB8520009C158 /* Info.plist */,
			);
			path = HP;
			sourceTree = "<group>";
		};
		ACA8A0F525DCB8520009C158 /* HPTests */ = {
			isa = PBXGroup;
			children = (
				ACA8A0F625DCB8520009C158 /* HPTests.swift */,
				ACA8A0F825DCB8520009C158 /* Info.plist */,
			);
			path = HPTests;
			sourceTree = "<group>";
		};
		ACA8A10025DCB8520009C158 /* HPUITests */ = {
			isa = PBXGroup;
			children = (
				ACA8A10125DCB8520009C158 /* HPUITests.swift */,
				ACA8A10325DCB8520009C158 /* Info.plist */,
			);
			path = HPUITests;
			sourceTree = "<group>";
		};
/* End PBXGroup section */

/* Begin PBXNativeTarget section */
		ACA8A0DB25DCB8510009C158 /* HP */ = {
			isa = PBXNativeTarget;
			buildConfigurationList = ACA8A10625DCB8520009C158 /* Build configuration list for PBXNativeTarget "HP" */;
			buildPhases = (
				84EF943C9A0885DE036BF97C /* [CP] Check Pods Manifest.lock */,
				ACA8A0D825DCB8510009C158 /* Sources */,
				ACA8A0D925DCB8510009C158 /* Frameworks */,
				ACA8A0DA25DCB8510009C158 /* Resources */,
				AC3EC77A830CA0AC59D317E2 /* [CP] Embed Pods Frameworks */,
			);
			buildRules = (
			);
			dependencies = (
			);
			name = HP;
			productName = HP;
			productReference = ACA8A0DC25DCB8510009C158 /* HP.app */;
			productType = "com.apple.product-type.application";
		};
		ACA8A0F125DCB8520009C158 /* HPTests */ = {
			isa = PBXNativeTarget;
			buildConfigurationList = ACA8A10925DCB8520009C158 /* Build configuration list for PBXNativeTarget "HPTests" */;
			buildPhases = (
				15E91F48909C178BBA65E1E4 /* [CP] Check Pods Manifest.lock */,
				ACA8A0EE25DCB8520009C158 /* Sources */,
				ACA8A0EF25DCB8520009C158 /* Frameworks */,
				ACA8A0F025DCB8520009C158 /* Resources */,
			);
			buildRules = (
			);
			dependencies = (
				ACA8A0F425DCB8520009C158 /* PBXTargetDependency */,
			);
			name = HPTests;
			productName = HPTests;
			productReference = ACA8A0F225DCB8520009C158 /* HPTests.xctest */;
			productType = "com.apple.product-type.bundle.unit-test";
		};
		ACA8A0FC25DCB8520009C158 /* HPUITests */ = {
			isa = PBXNativeTarget;
			buildConfigurationList = ACA8A10C25DCB8520009C158 /* Build configuration list for PBXNativeTarget "HPUITests" */;
			buildPhases = (
				479B8FF66BD294C42AA32197 /* [CP] Check Pods Manifest.lock */,
				ACA8A0F925DCB8520009C158 /* Sources */,
				ACA8A0FA25DCB8520009C158 /* Frameworks */,
				ACA8A0FB25DCB8520009C158 /* Resources */,
				A60636E6A351587E15180387 /* [CP] Embed Pods Frameworks */,
			);
			buildRules = (
			);
			dependencies = (
				ACA8A0FF25DCB8520009C158 /* PBXTargetDependency */,
			);
			name = HPUITests;
			productName = HPUITests;
			productReference = ACA8A0FD25DCB8520009C158 /* HPUITests.xctest */;
			productType = "com.apple.product-type.bundle.ui-testing";
		};
/* End PBXNativeTarget section */

/* Begin PBXProject section */
		ACA8A0D425DCB8510009C158 /* Project object */ = {
			isa = PBXProject;
			attributes = {
				LastSwiftUpdateCheck = 1240;
				LastUpgradeCheck = 1240;
				TargetAttributes = {
					ACA8A0DB25DCB8510009C158 = {
						CreatedOnToolsVersion = 12.4;
					};
					ACA8A0F125DCB8520009C158 = {
						CreatedOnToolsVersion = 12.4;
						TestTargetID = ACA8A0DB25DCB8510009C158;
					};
					ACA8A0FC25DCB8520009C158 = {
						CreatedOnToolsVersion = 12.4;
						TestTargetID = ACA8A0DB25DCB8510009C158;
					};
				};
			};
			buildConfigurationList = ACA8A0D725DCB8510009C158 /* Build configuration list for PBXProject "HP" */;
			compatibilityVersion = "Xcode 9.3";
			developmentRegion = en;
			hasScannedForEncodings = 0;
			knownRegions = (
				en,
				Base,
			);
			mainGroup = ACA8A0D325DCB8510009C158;
			productRefGroup = ACA8A0DD25DCB8510009C158 /* Products */;
			projectDirPath = "";
			projectRoot = "";
			targets = (
				ACA8A0DB25DCB8510009C158 /* HP */,
				ACA8A0F125DCB8520009C158 /* HPTests */,
				ACA8A0FC25DCB8520009C158 /* HPUITests */,
			);
		};
/* End PBXProject section */

/* Begin PBXResourcesBuildPhase section */
		ACA8A0DA25DCB8510009C158 /* Resources */ = {
			isa = PBXResourcesBuildPhase;
			buildActionMask = 2147483647;
			files = (
				ACA8A12D25DE07E00009C158 /* GoogleService-Info.plist in Resources */,
				CEDD66CE2638817200ADA7D8 /* LaunchScreen.storyboard in Resources */,
				ACA8A0E925DCB8520009C158 /* Assets.xcassets in Resources */,
				CEDD664D262BDACA00ADA7D8 /* Main.storyboard in Resources */,
			);
			runOnlyForDeploymentPostprocessing = 0;
		};
		ACA8A0F025DCB8520009C158 /* Resources */ = {
			isa = PBXResourcesBuildPhase;
			buildActionMask = 2147483647;
			files = (
			);
			runOnlyForDeploymentPostprocessing = 0;
		};
		ACA8A0FB25DCB8520009C158 /* Resources */ = {
			isa = PBXResourcesBuildPhase;
			buildActionMask = 2147483647;
			files = (
			);
			runOnlyForDeploymentPostprocessing = 0;
		};
/* End PBXResourcesBuildPhase section */

/* Begin PBXShellScriptBuildPhase section */
		15E91F48909C178BBA65E1E4 /* [CP] Check Pods Manifest.lock */ = {
			isa = PBXShellScriptBuildPhase;
			buildActionMask = 2147483647;
			files = (
			);
			inputFileListPaths = (
			);
			inputPaths = (
				"${PODS_PODFILE_DIR_PATH}/Podfile.lock",
				"${PODS_ROOT}/Manifest.lock",
			);
			name = "[CP] Check Pods Manifest.lock";
			outputFileListPaths = (
			);
			outputPaths = (
				"$(DERIVED_FILE_DIR)/Pods-HPTests-checkManifestLockResult.txt",
			);
			runOnlyForDeploymentPostprocessing = 0;
			shellPath = /bin/sh;
			shellScript = "diff \"${PODS_PODFILE_DIR_PATH}/Podfile.lock\" \"${PODS_ROOT}/Manifest.lock\" > /dev/null\nif [ $? != 0 ] ; then\n    # print error to STDERR\n    echo \"error: The sandbox is not in sync with the Podfile.lock. Run 'pod install' or update your CocoaPods installation.\" >&2\n    exit 1\nfi\n# This output is used by Xcode 'outputs' to avoid re-running this script phase.\necho \"SUCCESS\" > \"${SCRIPT_OUTPUT_FILE_0}\"\n";
			showEnvVarsInLog = 0;
		};
		479B8FF66BD294C42AA32197 /* [CP] Check Pods Manifest.lock */ = {
			isa = PBXShellScriptBuildPhase;
			buildActionMask = 2147483647;
			files = (
			);
			inputFileListPaths = (
			);
			inputPaths = (
				"${PODS_PODFILE_DIR_PATH}/Podfile.lock",
				"${PODS_ROOT}/Manifest.lock",
			);
			name = "[CP] Check Pods Manifest.lock";
			outputFileListPaths = (
			);
			outputPaths = (
				"$(DERIVED_FILE_DIR)/Pods-HP-HPUITests-checkManifestLockResult.txt",
			);
			runOnlyForDeploymentPostprocessing = 0;
			shellPath = /bin/sh;
			shellScript = "diff \"${PODS_PODFILE_DIR_PATH}/Podfile.lock\" \"${PODS_ROOT}/Manifest.lock\" > /dev/null\nif [ $? != 0 ] ; then\n    # print error to STDERR\n    echo \"error: The sandbox is not in sync with the Podfile.lock. Run 'pod install' or update your CocoaPods installation.\" >&2\n    exit 1\nfi\n# This output is used by Xcode 'outputs' to avoid re-running this script phase.\necho \"SUCCESS\" > \"${SCRIPT_OUTPUT_FILE_0}\"\n";
			showEnvVarsInLog = 0;
		};
		84EF943C9A0885DE036BF97C /* [CP] Check Pods Manifest.lock */ = {
			isa = PBXShellScriptBuildPhase;
			buildActionMask = 2147483647;
			files = (
			);
			inputFileListPaths = (
			);
			inputPaths = (
				"${PODS_PODFILE_DIR_PATH}/Podfile.lock",
				"${PODS_ROOT}/Manifest.lock",
			);
			name = "[CP] Check Pods Manifest.lock";
			outputFileListPaths = (
			);
			outputPaths = (
				"$(DERIVED_FILE_DIR)/Pods-HP-checkManifestLockResult.txt",
			);
			runOnlyForDeploymentPostprocessing = 0;
			shellPath = /bin/sh;
			shellScript = "diff \"${PODS_PODFILE_DIR_PATH}/Podfile.lock\" \"${PODS_ROOT}/Manifest.lock\" > /dev/null\nif [ $? != 0 ] ; then\n    # print error to STDERR\n    echo \"error: The sandbox is not in sync with the Podfile.lock. Run 'pod install' or update your CocoaPods installation.\" >&2\n    exit 1\nfi\n# This output is used by Xcode 'outputs' to avoid re-running this script phase.\necho \"SUCCESS\" > \"${SCRIPT_OUTPUT_FILE_0}\"\n";
			showEnvVarsInLog = 0;
		};
		A60636E6A351587E15180387 /* [CP] Embed Pods Frameworks */ = {
			isa = PBXShellScriptBuildPhase;
			buildActionMask = 2147483647;
			files = (
			);
			inputFileListPaths = (
				"${PODS_ROOT}/Target Support Files/Pods-HP-HPUITests/Pods-HP-HPUITests-frameworks-${CONFIGURATION}-input-files.xcfilelist",
			);
			name = "[CP] Embed Pods Frameworks";
			outputFileListPaths = (
				"${PODS_ROOT}/Target Support Files/Pods-HP-HPUITests/Pods-HP-HPUITests-frameworks-${CONFIGURATION}-output-files.xcfilelist",
			);
			runOnlyForDeploymentPostprocessing = 0;
			shellPath = /bin/sh;
			shellScript = "\"${PODS_ROOT}/Target Support Files/Pods-HP-HPUITests/Pods-HP-HPUITests-frameworks.sh\"\n";
			showEnvVarsInLog = 0;
		};
		AC3EC77A830CA0AC59D317E2 /* [CP] Embed Pods Frameworks */ = {
			isa = PBXShellScriptBuildPhase;
			buildActionMask = 2147483647;
			files = (
			);
			inputFileListPaths = (
				"${PODS_ROOT}/Target Support Files/Pods-HP/Pods-HP-frameworks-${CONFIGURATION}-input-files.xcfilelist",
			);
			name = "[CP] Embed Pods Frameworks";
			outputFileListPaths = (
				"${PODS_ROOT}/Target Support Files/Pods-HP/Pods-HP-frameworks-${CONFIGURATION}-output-files.xcfilelist",
			);
			runOnlyForDeploymentPostprocessing = 0;
			shellPath = /bin/sh;
			shellScript = "\"${PODS_ROOT}/Target Support Files/Pods-HP/Pods-HP-frameworks.sh\"\n";
			showEnvVarsInLog = 0;
		};
/* End PBXShellScriptBuildPhase section */

/* Begin PBXSourcesBuildPhase section */
		ACA8A0D825DCB8510009C158 /* Sources */ = {
			isa = PBXSourcesBuildPhase;
			buildActionMask = 2147483647;
			files = (
				CEDD6608260D799A00ADA7D8 /* AppFormViewController.swift in Sources */,
				CE0DEB2525DCE8EF00541B15 /* DesignableView.swift in Sources */,
				CEDD66812635E3C000ADA7D8 /* PartnersCollectionViewController.swift in Sources */,
				ACA8A0E025DCB8510009C158 /* AppDelegate.swift in Sources */,
				ACA8A12825DDF4750009C158 /* signUpViewController.swift in Sources */,
				ACA8A0E225DCB8510009C158 /* SceneDelegate.swift in Sources */,
				CE0DEB2A25DCF8B000541B15 /* Validation.swift in Sources */,
				CEDD660025E710DA00ADA7D8 /* HomeViewController.swift in Sources */,
				CE0DEB3F25DDB91000541B15 /* TabBarViewController.swift in Sources */,
				CEDD66892635E75900ADA7D8 /* Partners.swift in Sources */,
				CE0DEB2025DCE23600541B15 /* LogInViewController.swift in Sources */,
				CEDD668E2635EE9700ADA7D8 /* PartnersCollectionViewCell.swift in Sources */,
				AC878E2D25E49B7F00122D31 /* Utilities.swift in Sources */,
				CE58279A25E3345C00FFD13B /* Constants.swift in Sources */,
			);
			runOnlyForDeploymentPostprocessing = 0;
		};
		ACA8A0EE25DCB8520009C158 /* Sources */ = {
			isa = PBXSourcesBuildPhase;
			buildActionMask = 2147483647;
			files = (
				ACA8A0F725DCB8520009C158 /* HPTests.swift in Sources */,
			);
			runOnlyForDeploymentPostprocessing = 0;
		};
		ACA8A0F925DCB8520009C158 /* Sources */ = {
			isa = PBXSourcesBuildPhase;
			buildActionMask = 2147483647;
			files = (
				ACA8A10225DCB8520009C158 /* HPUITests.swift in Sources */,
			);
			runOnlyForDeploymentPostprocessing = 0;
		};
/* End PBXSourcesBuildPhase section */

/* Begin PBXTargetDependency section */
		ACA8A0F425DCB8520009C158 /* PBXTargetDependency */ = {
			isa = PBXTargetDependency;
			target = ACA8A0DB25DCB8510009C158 /* HP */;
			targetProxy = ACA8A0F325DCB8520009C158 /* PBXContainerItemProxy */;
		};
		ACA8A0FF25DCB8520009C158 /* PBXTargetDependency */ = {
			isa = PBXTargetDependency;
			target = ACA8A0DB25DCB8510009C158 /* HP */;
			targetProxy = ACA8A0FE25DCB8520009C158 /* PBXContainerItemProxy */;
		};
/* End PBXTargetDependency section */

/* Begin XCBuildConfiguration section */
		ACA8A10425DCB8520009C158 /* Debug */ = {
			isa = XCBuildConfiguration;
			buildSettings = {
				ALWAYS_SEARCH_USER_PATHS = NO;
				CLANG_ANALYZER_NONNULL = YES;
				CLANG_ANALYZER_NUMBER_OBJECT_CONVERSION = YES_AGGRESSIVE;
				CLANG_CXX_LANGUAGE_STANDARD = "gnu++14";
				CLANG_CXX_LIBRARY = "libc++";
				CLANG_ENABLE_MODULES = YES;
				CLANG_ENABLE_OBJC_ARC = YES;
				CLANG_ENABLE_OBJC_WEAK = YES;
				CLANG_WARN_BLOCK_CAPTURE_AUTORELEASING = YES;
				CLANG_WARN_BOOL_CONVERSION = YES;
				CLANG_WARN_COMMA = YES;
				CLANG_WARN_CONSTANT_CONVERSION = YES;
				CLANG_WARN_DEPRECATED_OBJC_IMPLEMENTATIONS = YES;
				CLANG_WARN_DIRECT_OBJC_ISA_USAGE = YES_ERROR;
				CLANG_WARN_DOCUMENTATION_COMMENTS = YES;
				CLANG_WARN_EMPTY_BODY = YES;
				CLANG_WARN_ENUM_CONVERSION = YES;
				CLANG_WARN_INFINITE_RECURSION = YES;
				CLANG_WARN_INT_CONVERSION = YES;
				CLANG_WARN_NON_LITERAL_NULL_CONVERSION = YES;
				CLANG_WARN_OBJC_IMPLICIT_RETAIN_SELF = YES;
				CLANG_WARN_OBJC_LITERAL_CONVERSION = YES;
				CLANG_WARN_OBJC_ROOT_CLASS = YES_ERROR;
				CLANG_WARN_QUOTED_INCLUDE_IN_FRAMEWORK_HEADER = YES;
				CLANG_WARN_RANGE_LOOP_ANALYSIS = YES;
				CLANG_WARN_STRICT_PROTOTYPES = YES;
				CLANG_WARN_SUSPICIOUS_MOVE = YES;
				CLANG_WARN_UNGUARDED_AVAILABILITY = YES_AGGRESSIVE;
				CLANG_WARN_UNREACHABLE_CODE = YES;
				CLANG_WARN__DUPLICATE_METHOD_MATCH = YES;
				COPY_PHASE_STRIP = NO;
				DEBUG_INFORMATION_FORMAT = dwarf;
				ENABLE_STRICT_OBJC_MSGSEND = YES;
				ENABLE_TESTABILITY = YES;
				GCC_C_LANGUAGE_STANDARD = gnu11;
				GCC_DYNAMIC_NO_PIC = NO;
				GCC_NO_COMMON_BLOCKS = YES;
				GCC_OPTIMIZATION_LEVEL = 0;
				GCC_PREPROCESSOR_DEFINITIONS = (
					"DEBUG=1",
					"$(inherited)",
				);
				GCC_WARN_64_TO_32_BIT_CONVERSION = YES;
				GCC_WARN_ABOUT_RETURN_TYPE = YES_ERROR;
				GCC_WARN_UNDECLARED_SELECTOR = YES;
				GCC_WARN_UNINITIALIZED_AUTOS = YES_AGGRESSIVE;
				GCC_WARN_UNUSED_FUNCTION = YES;
				GCC_WARN_UNUSED_VARIABLE = YES;
				IPHONEOS_DEPLOYMENT_TARGET = 14.4;
				MTL_ENABLE_DEBUG_INFO = INCLUDE_SOURCE;
				MTL_FAST_MATH = YES;
				ONLY_ACTIVE_ARCH = YES;
				SDKROOT = iphoneos;
				SWIFT_ACTIVE_COMPILATION_CONDITIONS = DEBUG;
				SWIFT_OPTIMIZATION_LEVEL = "-Onone";
			};
			name = Debug;
		};
		ACA8A10525DCB8520009C158 /* Release */ = {
			isa = XCBuildConfiguration;
			buildSettings = {
				ALWAYS_SEARCH_USER_PATHS = NO;
				CLANG_ANALYZER_NONNULL = YES;
				CLANG_ANALYZER_NUMBER_OBJECT_CONVERSION = YES_AGGRESSIVE;
				CLANG_CXX_LANGUAGE_STANDARD = "gnu++14";
				CLANG_CXX_LIBRARY = "libc++";
				CLANG_ENABLE_MODULES = YES;
				CLANG_ENABLE_OBJC_ARC = YES;
				CLANG_ENABLE_OBJC_WEAK = YES;
				CLANG_WARN_BLOCK_CAPTURE_AUTORELEASING = YES;
				CLANG_WARN_BOOL_CONVERSION = YES;
				CLANG_WARN_COMMA = YES;
				CLANG_WARN_CONSTANT_CONVERSION = YES;
				CLANG_WARN_DEPRECATED_OBJC_IMPLEMENTATIONS = YES;
				CLANG_WARN_DIRECT_OBJC_ISA_USAGE = YES_ERROR;
				CLANG_WARN_DOCUMENTATION_COMMENTS = YES;
				CLANG_WARN_EMPTY_BODY = YES;
				CLANG_WARN_ENUM_CONVERSION = YES;
				CLANG_WARN_INFINITE_RECURSION = YES;
				CLANG_WARN_INT_CONVERSION = YES;
				CLANG_WARN_NON_LITERAL_NULL_CONVERSION = YES;
				CLANG_WARN_OBJC_IMPLICIT_RETAIN_SELF = YES;
				CLANG_WARN_OBJC_LITERAL_CONVERSION = YES;
				CLANG_WARN_OBJC_ROOT_CLASS = YES_ERROR;
				CLANG_WARN_QUOTED_INCLUDE_IN_FRAMEWORK_HEADER = YES;
				CLANG_WARN_RANGE_LOOP_ANALYSIS = YES;
				CLANG_WARN_STRICT_PROTOTYPES = YES;
				CLANG_WARN_SUSPICIOUS_MOVE = YES;
				CLANG_WARN_UNGUARDED_AVAILABILITY = YES_AGGRESSIVE;
				CLANG_WARN_UNREACHABLE_CODE = YES;
				CLANG_WARN__DUPLICATE_METHOD_MATCH = YES;
				COPY_PHASE_STRIP = NO;
				DEBUG_INFORMATION_FORMAT = "dwarf-with-dsym";
				ENABLE_NS_ASSERTIONS = NO;
				ENABLE_STRICT_OBJC_MSGSEND = YES;
				GCC_C_LANGUAGE_STANDARD = gnu11;
				GCC_NO_COMMON_BLOCKS = YES;
				GCC_WARN_64_TO_32_BIT_CONVERSION = YES;
				GCC_WARN_ABOUT_RETURN_TYPE = YES_ERROR;
				GCC_WARN_UNDECLARED_SELECTOR = YES;
				GCC_WARN_UNINITIALIZED_AUTOS = YES_AGGRESSIVE;
				GCC_WARN_UNUSED_FUNCTION = YES;
				GCC_WARN_UNUSED_VARIABLE = YES;
				IPHONEOS_DEPLOYMENT_TARGET = 14.4;
				MTL_ENABLE_DEBUG_INFO = NO;
				MTL_FAST_MATH = YES;
				SDKROOT = iphoneos;
				SWIFT_COMPILATION_MODE = wholemodule;
				SWIFT_OPTIMIZATION_LEVEL = "-O";
				VALIDATE_PRODUCT = YES;
			};
			name = Release;
		};
		ACA8A10725DCB8520009C158 /* Debug */ = {
			isa = XCBuildConfiguration;
			baseConfigurationReference = C0DB08CC3E6109E359EEB030 /* Pods-HP.debug.xcconfig */;
			buildSettings = {
				ASSETCATALOG_COMPILER_APPICON_NAME = AppIcon;
				ASSETCATALOG_COMPILER_GLOBAL_ACCENT_COLOR_NAME = AccentColor;
				CODE_SIGN_STYLE = Automatic;
				DEVELOPMENT_TEAM = 9FFLCQ69D8;
				EXCLUDED_ARCHS = "";
				"EXCLUDED_ARCHS[sdk=iphonesimulator*]" = arm64;
				INFOPLIST_FILE = HP/Info.plist;
				LD_RUNPATH_SEARCH_PATHS = (
					"$(inherited)",
					"@executable_path/Frameworks",
				);
				PRODUCT_BUNDLE_IDENTIFIER = Team.HP;
				PRODUCT_NAME = "$(TARGET_NAME)";
				SWIFT_VERSION = 5.0;
				TARGETED_DEVICE_FAMILY = "1,2";
			};
			name = Debug;
		};
		ACA8A10825DCB8520009C158 /* Release */ = {
			isa = XCBuildConfiguration;
			baseConfigurationReference = 301B6917C99C35A22955641C /* Pods-HP.release.xcconfig */;
			buildSettings = {
				ASSETCATALOG_COMPILER_APPICON_NAME = AppIcon;
				ASSETCATALOG_COMPILER_GLOBAL_ACCENT_COLOR_NAME = AccentColor;
				CODE_SIGN_STYLE = Automatic;
				DEVELOPMENT_TEAM = 9FFLCQ69D8;
				"EXCLUDED_ARCHS[sdk=iphonesimulator*]" = arm64;
				INFOPLIST_FILE = HP/Info.plist;
				LD_RUNPATH_SEARCH_PATHS = (
					"$(inherited)",
					"@executable_path/Frameworks",
				);
				ONLY_ACTIVE_ARCH = YES;
				PRODUCT_BUNDLE_IDENTIFIER = Team.HP;
				PRODUCT_NAME = "$(TARGET_NAME)";
				SWIFT_VERSION = 5.0;
				TARGETED_DEVICE_FAMILY = "1,2";
			};
			name = Release;
		};
		ACA8A10A25DCB8520009C158 /* Debug */ = {
			isa = XCBuildConfiguration;
			baseConfigurationReference = D1A5ADFBF33F25FD5E55C3EC /* Pods-HPTests.debug.xcconfig */;
			buildSettings = {
				ALWAYS_EMBED_SWIFT_STANDARD_LIBRARIES = YES;
				BUNDLE_LOADER = "$(TEST_HOST)";
				CODE_SIGN_STYLE = Automatic;
				DEVELOPMENT_TEAM = 9FFLCQ69D8;
				INFOPLIST_FILE = HPTests/Info.plist;
				IPHONEOS_DEPLOYMENT_TARGET = 14.4;
				LD_RUNPATH_SEARCH_PATHS = (
					"$(inherited)",
					"@executable_path/Frameworks",
					"@loader_path/Frameworks",
				);
				PRODUCT_BUNDLE_IDENTIFIER = Team.HPTests;
				PRODUCT_NAME = "$(TARGET_NAME)";
				SWIFT_VERSION = 5.0;
				TARGETED_DEVICE_FAMILY = "1,2";
				TEST_HOST = "$(BUILT_PRODUCTS_DIR)/HP.app/HP";
			};
			name = Debug;
		};
		ACA8A10B25DCB8520009C158 /* Release */ = {
			isa = XCBuildConfiguration;
			baseConfigurationReference = F9D0CA5C3E8C6AC97DD3612F /* Pods-HPTests.release.xcconfig */;
			buildSettings = {
				ALWAYS_EMBED_SWIFT_STANDARD_LIBRARIES = YES;
				BUNDLE_LOADER = "$(TEST_HOST)";
				CODE_SIGN_STYLE = Automatic;
				DEVELOPMENT_TEAM = 9FFLCQ69D8;
				INFOPLIST_FILE = HPTests/Info.plist;
				IPHONEOS_DEPLOYMENT_TARGET = 14.4;
				LD_RUNPATH_SEARCH_PATHS = (
					"$(inherited)",
					"@executable_path/Frameworks",
					"@loader_path/Frameworks",
				);
				PRODUCT_BUNDLE_IDENTIFIER = Team.HPTests;
				PRODUCT_NAME = "$(TARGET_NAME)";
				SWIFT_VERSION = 5.0;
				TARGETED_DEVICE_FAMILY = "1,2";
				TEST_HOST = "$(BUILT_PRODUCTS_DIR)/HP.app/HP";
			};
			name = Release;
		};
		ACA8A10D25DCB8520009C158 /* Debug */ = {
			isa = XCBuildConfiguration;
			baseConfigurationReference = B294884DC2D6CBEBC8923651 /* Pods-HP-HPUITests.debug.xcconfig */;
			buildSettings = {
				ALWAYS_EMBED_SWIFT_STANDARD_LIBRARIES = YES;
				CODE_SIGN_STYLE = Automatic;
				DEVELOPMENT_TEAM = 9FFLCQ69D8;
				INFOPLIST_FILE = HPUITests/Info.plist;
				LD_RUNPATH_SEARCH_PATHS = (
					"$(inherited)",
					"@executable_path/Frameworks",
					"@loader_path/Frameworks",
				);
				PRODUCT_BUNDLE_IDENTIFIER = Team.HPUITests;
				PRODUCT_NAME = "$(TARGET_NAME)";
				SWIFT_VERSION = 5.0;
				TARGETED_DEVICE_FAMILY = "1,2";
				TEST_TARGET_NAME = HP;
			};
			name = Debug;
		};
		ACA8A10E25DCB8520009C158 /* Release */ = {
			isa = XCBuildConfiguration;
			baseConfigurationReference = 979F0D4C5447CFB4437DAA66 /* Pods-HP-HPUITests.release.xcconfig */;
			buildSettings = {
				ALWAYS_EMBED_SWIFT_STANDARD_LIBRARIES = YES;
				CODE_SIGN_STYLE = Automatic;
				DEVELOPMENT_TEAM = 9FFLCQ69D8;
				INFOPLIST_FILE = HPUITests/Info.plist;
				LD_RUNPATH_SEARCH_PATHS = (
					"$(inherited)",
					"@executable_path/Frameworks",
					"@loader_path/Frameworks",
				);
				PRODUCT_BUNDLE_IDENTIFIER = Team.HPUITests;
				PRODUCT_NAME = "$(TARGET_NAME)";
				SWIFT_VERSION = 5.0;
				TARGETED_DEVICE_FAMILY = "1,2";
				TEST_TARGET_NAME = HP;
			};
			name = Release;
		};
/* End XCBuildConfiguration section */

/* Begin XCConfigurationList section */
		ACA8A0D725DCB8510009C158 /* Build configuration list for PBXProject "HP" */ = {
			isa = XCConfigurationList;
			buildConfigurations = (
				ACA8A10425DCB8520009C158 /* Debug */,
				ACA8A10525DCB8520009C158 /* Release */,
			);
			defaultConfigurationIsVisible = 0;
			defaultConfigurationName = Release;
		};
		ACA8A10625DCB8520009C158 /* Build configuration list for PBXNativeTarget "HP" */ = {
			isa = XCConfigurationList;
			buildConfigurations = (
				ACA8A10725DCB8520009C158 /* Debug */,
				ACA8A10825DCB8520009C158 /* Release */,
			);
			defaultConfigurationIsVisible = 0;
			defaultConfigurationName = Release;
		};
		ACA8A10925DCB8520009C158 /* Build configuration list for PBXNativeTarget "HPTests" */ = {
			isa = XCConfigurationList;
			buildConfigurations = (
				ACA8A10A25DCB8520009C158 /* Debug */,
				ACA8A10B25DCB8520009C158 /* Release */,
			);
			defaultConfigurationIsVisible = 0;
			defaultConfigurationName = Release;
		};
		ACA8A10C25DCB8520009C158 /* Build configuration list for PBXNativeTarget "HPUITests" */ = {
			isa = XCConfigurationList;
			buildConfigurations = (
				ACA8A10D25DCB8520009C158 /* Debug */,
				ACA8A10E25DCB8520009C158 /* Release */,
			);
			defaultConfigurationIsVisible = 0;
			defaultConfigurationName = Release;
		};
/* End XCConfigurationList section */
	};
	rootObject = ACA8A0D425DCB8510009C158 /* Project object */;
}
